
Microsoft Visual Studio Solution File, Format Version 12.00
# Visual Studio 15
VisualStudioVersion = 15.0.27428.2005
MinimumVisualStudioVersion = 10.0.40219.1
Project("{FAE04EC0-301F-11D3-BF4B-00C04F79EFBC}") = "organisation-web-api", "organisation-web-api\organisation-web-api.csproj", "{ABB633F8-E7AC-4914-A682-5D826279B0BE}"
EndProject
Global
	GlobalSection(SolutionConfigurationPlatforms) = preSolution
		Debug|Any CPU = Debug|Any CPU
		Release|Any CPU = Release|Any CPU
	EndGlobalSection
	GlobalSection(ProjectConfigurationPlatforms) = postSolution
		{ABB633F8-E7AC-4914-A682-5D826279B0BE}.Debug|Any CPU.ActiveCfg = Debug|Any CPU
		{ABB633F8-E7AC-4914-A682-5D826279B0BE}.Debug|Any CPU.Build.0 = Debug|Any CPU
		{ABB633F8-E7AC-4914-A682-5D826279B0BE}.Release|Any CPU.ActiveCfg = Release|Any CPU
		{ABB633F8-E7AC-4914-A682-5D826279B0BE}.Release|Any CPU.Build.0 = Release|Any CPU
	EndGlobalSection
	GlobalSection(SolutionProperties) = preSolution
		HideSolutionNode = FALSE
	EndGlobalSection
	GlobalSection(ExtensibilityGlobals) = postSolution
		SolutionGuid = {E1C36CEE-8EC8-4E2B-927C-060012793DBD}
	EndGlobalSection
EndGlobal
